{
  "name": "acorn-macros",
  "lockfileVersion": 2,
  "requires": true,
  "packages": {
    "": {
      "dependencies": {
        "acorn": "^8.3.0",
        "acorn-walk": "^8.1.0"
      }
    },
    "node_modules/acorn": {
      "version": "8.3.0",
      "resolved": "https://registry.npmjs.org/acorn/-/acorn-8.3.0.tgz",
      "integrity": "sha512-tqPKHZ5CaBJw0Xmy0ZZvLs1qTV+BNFSyvn77ASXkpBNfIRk8ev26fKrD9iLGwGA9zedPao52GSHzq8lyZG0NUw==",
      "bin": {
        "acorn": "bin/acorn"
      },
      "engines": {
        "node": ">=0.4.0"
      }
    },
    "node_modules/acorn-walk": {
      "version": "8.1.0",
      "resolved": "https://registry.npmjs.org/acorn-walk/-/acorn-walk-8.1.0.tgz",
      "integrity": "sha512-mjmzmv12YIG/G8JQdQuz2MUDShEJ6teYpT5bmWA4q7iwoGen8xtt3twF3OvzIUl+Q06aWIjvnwQUKvQ6TtMRjg==",
      "engines": {
        "node": ">=0.4.0"
      }
    }
  },
  "dependencies": {
    "acorn": {
      "version": "8.3.0",
      "resolved": "https://registry.npmjs.org/acorn/-/acorn-8.3.0.tgz",
      "integrity": "sha512-tqPKHZ5CaBJw0Xmy0ZZvLs1qTV+BNFSyvn77ASXkpBNfIRk8ev26fKrD9iLGwGA9zedPao52GSHzq8lyZG0NUw=="
    },
    "acorn-walk": {
      "version": "8.1.0",
      "resolved": "https://registry.npmjs.org/acorn-walk/-/acorn-walk-8.1.0.tgz",
      "integrity": "sha512-mjmzmv12YIG/G8JQdQuz2MUDShEJ6teYpT5bmWA4q7iwoGen8xtt3twF3OvzIUl+Q06aWIjvnwQUKvQ6TtMRjg=="
    }
  }
}
