{
  "name": "style.acorn",
  "lockfileVersion": 2,
  "requires": true,
  "packages": {
    "": {
      "dependencies": {
        "acorn-macros": "file:../acorn-macros"
      },
      "devDependencies": {
        "acorn": "^8.3.0"
      }
    },
    "../acorn-macros": {
      "dependencies": {
        "acorn": "^8.3.0",
        "acorn-walk": "^8.1.0"
      }
    },
    "node_modules/acorn": {
      "version": "8.3.0",
      "resolved": "https://registry.npmjs.org/acorn/-/acorn-8.3.0.tgz",
      "integrity": "sha512-tqPKHZ5CaBJw0Xmy0ZZvLs1qTV+BNFSyvn77ASXkpBNfIRk8ev26fKrD9iLGwGA9zedPao52GSHzq8lyZG0NUw==",
      "dev": true,
      "bin": {
        "acorn": "bin/acorn"
      },
      "engines": {
        "node": ">=0.4.0"
      }
    },
    "node_modules/acorn-macros": {
      "resolved": "../acorn-macros",
      "link": true
    }
  },
  "dependencies": {
    "acorn": {
      "version": "8.3.0",
      "resolved": "https://registry.npmjs.org/acorn/-/acorn-8.3.0.tgz",
      "integrity": "sha512-tqPKHZ5CaBJw0Xmy0ZZvLs1qTV+BNFSyvn77ASXkpBNfIRk8ev26fKrD9iLGwGA9zedPao52GSHzq8lyZG0NUw==",
      "dev": true
    },
    "acorn-macros": {
      "version": "file:../acorn-macros",
      "requires": {
        "acorn": "^8.3.0",
        "acorn-walk": "^8.1.0"
      }
    }
  }
}
