{
  "name": "style.acorn",
  "version": "0.0.0",
  "lockfileVersion": 2,
  "requires": true,
  "packages": {
    "": {
      "version": "0.0.0",
      "license": "MIT",
      "dependencies": {
        "stylis": "^4.0.2"
      },
      "devDependencies": {
        "@types/stylis": "^4.0.0",
        "acorn-macros": "file:../acorn-macros"
      }
    },
    "../acorn-macros": {
      "version": "0.0.0",
      "dev": true,
      "license": "MIT",
      "dependencies": {
        "acorn": "^8.3.0",
        "acorn-walk": "^8.1.0"
      }
    },
    "node_modules/@types/stylis": {
      "version": "4.0.0",
      "resolved": "https://registry.npmjs.org/@types/stylis/-/stylis-4.0.0.tgz",
      "integrity": "sha512-DB1wPXVDfTTyLO9tr4wTeAptinTGd+EemFDDJTdCfsLedYXuF1mRWpJtU74Rucqx7N7HecBmMwEERbPpLt1tGA==",
      "dev": true
    },
    "node_modules/acorn-macros": {
      "resolved": "../acorn-macros",
      "link": true
    },
    "node_modules/stylis": {
      "version": "4.0.10",
      "resolved": "https://registry.npmjs.org/stylis/-/stylis-4.0.10.tgz",
      "integrity": "sha512-m3k+dk7QeJw660eIKRRn3xPF6uuvHs/FFzjX3HQ5ove0qYsiygoAhwn5a3IYKaZPo5LrYD0rfVmtv1gNY1uYwg=="
    }
  },
  "dependencies": {
    "@types/stylis": {
      "version": "4.0.0",
      "resolved": "https://registry.npmjs.org/@types/stylis/-/stylis-4.0.0.tgz",
      "integrity": "sha512-DB1wPXVDfTTyLO9tr4wTeAptinTGd+EemFDDJTdCfsLedYXuF1mRWpJtU74Rucqx7N7HecBmMwEERbPpLt1tGA==",
      "dev": true
    },
    "acorn-macros": {
      "version": "file:../acorn-macros",
      "requires": {
        "acorn": "^8.3.0",
        "acorn-walk": "^8.1.0"
      }
    },
    "stylis": {
      "version": "4.0.10",
      "resolved": "https://registry.npmjs.org/stylis/-/stylis-4.0.10.tgz",
      "integrity": "sha512-m3k+dk7QeJw660eIKRRn3xPF6uuvHs/FFzjX3HQ5ove0qYsiygoAhwn5a3IYKaZPo5LrYD0rfVmtv1gNY1uYwg=="
    }
  }
}
