{
  "name": "preval.acorn",
  "version": "0.0.0",
  "lockfileVersion": 2,
  "requires": true,
  "packages": {
    "": {
      "version": "0.0.0",
      "license": "MIT",
      "devDependencies": {
        "acorn-macros": "file:../acorn-macros"
      }
    },
    "../acorn-macros": {
      "version": "0.0.0",
      "dev": true,
      "license": "MIT",
      "dependencies": {
        "acorn": "^8.3.0",
        "acorn-walk": "^8.1.0"
      }
    },
    "node_modules/acorn-macros": {
      "resolved": "../acorn-macros",
      "link": true
    }
  },
  "dependencies": {
    "acorn-macros": {
      "version": "file:../acorn-macros",
      "requires": {
        "acorn": "^8.3.0",
        "acorn-walk": "^8.1.0"
      }
    }
  }
}
